
Microsoft Visual Studio Solution File, Format Version 12.00
Project("{FAE04EC0-301F-11D3-BF4B-00C04F79EFBC}") = "InfoVeriti.WebApi.Client", "InfoVeriti.WebApi.Client\InfoVeriti.WebApi.Client.csproj", "{7BE64696-12D3-4AA2-8997-CAD600519E09}"
EndProject
Project("{2150E333-8FDC-42A3-9474-1A3956D46DE8}") = "Contracts", "Contracts", "{8876C251-CD9B-4F34-9C7F-81100B0B5BFB}"
EndProject
Project("{2150E333-8FDC-42A3-9474-1A3956D46DE8}") = "Client", "Client", "{F7107DFF-FAC9-48B6-BF3A-ADC6637FE3B7}"
EndProject
Project("{FAE04EC0-301F-11D3-BF4B-00C04F79EFBC}") = "InfoVeriti.WebApi.Contracts", "InfoVeriti.WebApi.Contracts\InfoVeriti.WebApi.Contracts.csproj", "{28EE1E5B-4595-4F60-8E6F-263AA1BE1E2E}"
EndProject
Project("{FAE04EC0-301F-11D3-BF4B-00C04F79EFBC}") = "InfoVeriti.Libs.Network", "InfoVeriti.Libs.Network\InfoVeriti.Libs.Network.csproj", "{519D9121-88CA-4706-864D-90C416E91319}"
EndProject
Project("{2150E333-8FDC-42A3-9474-1A3956D46DE8}") = "Network", "Network", "{0781C1DD-E205-4A50-9064-3CCC4C66C954}"
EndProject
Project("{FAE04EC0-301F-11D3-BF4B-00C04F79EFBC}") = "InfoVeriti.Libs.Network.Abstracts", "InfoVeriti.Libs.Network.Abstracts\InfoVeriti.Libs.Network.Abstracts.csproj", "{2F3B8488-5AC1-4F54-9B78-CF4392055C9B}"
EndProject
Project("{2150E333-8FDC-42A3-9474-1A3956D46DE8}") = "Core", "Core", "{01D9FC4B-D760-471D-8EF5-A06F8F50DCC8}"
EndProject
Project("{FAE04EC0-301F-11D3-BF4B-00C04F79EFBC}") = "InfoVeriti.WebApi.Core", "InfoVeriti.WebApi.Core\InfoVeriti.WebApi.Core.csproj", "{BE158034-0E60-4425-8091-B728492EF52A}"
EndProject
Project("{FAE04EC0-301F-11D3-BF4B-00C04F79EFBC}") = "InfoVeriti.WebApi.Core.Values", "InfoVeriti.WebApi.Core.Values\InfoVeriti.WebApi.Core.Values.csproj", "{F104A41D-D5E7-4434-9ECF-175ED72100AF}"
EndProject
Project("{FAE04EC0-301F-11D3-BF4B-00C04F79EFBC}") = "InfoVeriti.WebApi.Core.Abstracts", "InfoVeriti.WebApi.Core.Abstracts\InfoVeriti.WebApi.Core.Abstracts.csproj", "{30A92B35-D5DF-439E-9569-0D76EEEA4298}"
EndProject
Project("{FAE04EC0-301F-11D3-BF4B-00C04F79EFBC}") = "InfoVeriti.WebApi.Core.Exceptions", "InfoVeriti.WebApi.Core.Exceptions\InfoVeriti.WebApi.Core.Exceptions.csproj", "{7EA2DDC6-0CC5-40ED-9D49-6505743D4C2E}"
EndProject
Project("{2150E333-8FDC-42A3-9474-1A3956D46DE8}") = "Infrastructure", "Infrastructure", "{16CDA61E-F39A-4A33-8BA5-395C327ACDBC}"
EndProject
Project("{FAE04EC0-301F-11D3-BF4B-00C04F79EFBC}") = "InfoVeriti.WebApi.Facade", "InfoVeriti.WebApi.Facade\InfoVeriti.WebApi.Facade.csproj", "{1EA56B13-4A44-40C8-B037-0D983B194941}"
EndProject
Project("{2150E333-8FDC-42A3-9474-1A3956D46DE8}") = "Extensions", "Extensions", "{FA5D3ABE-39DF-4412-92BE-766B4B7605AB}"
EndProject
Project("{FAE04EC0-301F-11D3-BF4B-00C04F79EFBC}") = "InfoVeriti.WebApi.Extensions", "InfoVeriti.WebApi.Extensions\InfoVeriti.WebApi.Extensions.csproj", "{FDEA2CD4-A84F-4998-9DC3-627674510EC4}"
EndProject
Global
	GlobalSection(SolutionConfigurationPlatforms) = preSolution
		Debug|Any CPU = Debug|Any CPU
		Release|Any CPU = Release|Any CPU
	EndGlobalSection
	GlobalSection(ProjectConfigurationPlatforms) = postSolution
		{7BE64696-12D3-4AA2-8997-CAD600519E09}.Debug|Any CPU.ActiveCfg = Debug|Any CPU
		{7BE64696-12D3-4AA2-8997-CAD600519E09}.Debug|Any CPU.Build.0 = Debug|Any CPU
		{7BE64696-12D3-4AA2-8997-CAD600519E09}.Release|Any CPU.ActiveCfg = Release|Any CPU
		{7BE64696-12D3-4AA2-8997-CAD600519E09}.Release|Any CPU.Build.0 = Release|Any CPU
		{28EE1E5B-4595-4F60-8E6F-263AA1BE1E2E}.Debug|Any CPU.ActiveCfg = Debug|Any CPU
		{28EE1E5B-4595-4F60-8E6F-263AA1BE1E2E}.Debug|Any CPU.Build.0 = Debug|Any CPU
		{28EE1E5B-4595-4F60-8E6F-263AA1BE1E2E}.Release|Any CPU.ActiveCfg = Release|Any CPU
		{28EE1E5B-4595-4F60-8E6F-263AA1BE1E2E}.Release|Any CPU.Build.0 = Release|Any CPU
		{519D9121-88CA-4706-864D-90C416E91319}.Debug|Any CPU.ActiveCfg = Debug|Any CPU
		{519D9121-88CA-4706-864D-90C416E91319}.Debug|Any CPU.Build.0 = Debug|Any CPU
		{519D9121-88CA-4706-864D-90C416E91319}.Release|Any CPU.ActiveCfg = Release|Any CPU
		{519D9121-88CA-4706-864D-90C416E91319}.Release|Any CPU.Build.0 = Release|Any CPU
		{2F3B8488-5AC1-4F54-9B78-CF4392055C9B}.Debug|Any CPU.ActiveCfg = Debug|Any CPU
		{2F3B8488-5AC1-4F54-9B78-CF4392055C9B}.Debug|Any CPU.Build.0 = Debug|Any CPU
		{2F3B8488-5AC1-4F54-9B78-CF4392055C9B}.Release|Any CPU.ActiveCfg = Release|Any CPU
		{2F3B8488-5AC1-4F54-9B78-CF4392055C9B}.Release|Any CPU.Build.0 = Release|Any CPU
		{BE158034-0E60-4425-8091-B728492EF52A}.Debug|Any CPU.ActiveCfg = Debug|Any CPU
		{BE158034-0E60-4425-8091-B728492EF52A}.Debug|Any CPU.Build.0 = Debug|Any CPU
		{BE158034-0E60-4425-8091-B728492EF52A}.Release|Any CPU.ActiveCfg = Release|Any CPU
		{BE158034-0E60-4425-8091-B728492EF52A}.Release|Any CPU.Build.0 = Release|Any CPU
		{F104A41D-D5E7-4434-9ECF-175ED72100AF}.Debug|Any CPU.ActiveCfg = Debug|Any CPU
		{F104A41D-D5E7-4434-9ECF-175ED72100AF}.Debug|Any CPU.Build.0 = Debug|Any CPU
		{F104A41D-D5E7-4434-9ECF-175ED72100AF}.Release|Any CPU.ActiveCfg = Release|Any CPU
		{F104A41D-D5E7-4434-9ECF-175ED72100AF}.Release|Any CPU.Build.0 = Release|Any CPU
		{30A92B35-D5DF-439E-9569-0D76EEEA4298}.Debug|Any CPU.ActiveCfg = Debug|Any CPU
		{30A92B35-D5DF-439E-9569-0D76EEEA4298}.Debug|Any CPU.Build.0 = Debug|Any CPU
		{30A92B35-D5DF-439E-9569-0D76EEEA4298}.Release|Any CPU.ActiveCfg = Release|Any CPU
		{30A92B35-D5DF-439E-9569-0D76EEEA4298}.Release|Any CPU.Build.0 = Release|Any CPU
		{7EA2DDC6-0CC5-40ED-9D49-6505743D4C2E}.Debug|Any CPU.ActiveCfg = Debug|Any CPU
		{7EA2DDC6-0CC5-40ED-9D49-6505743D4C2E}.Debug|Any CPU.Build.0 = Debug|Any CPU
		{7EA2DDC6-0CC5-40ED-9D49-6505743D4C2E}.Release|Any CPU.ActiveCfg = Release|Any CPU
		{7EA2DDC6-0CC5-40ED-9D49-6505743D4C2E}.Release|Any CPU.Build.0 = Release|Any CPU
		{1EA56B13-4A44-40C8-B037-0D983B194941}.Debug|Any CPU.ActiveCfg = Debug|Any CPU
		{1EA56B13-4A44-40C8-B037-0D983B194941}.Debug|Any CPU.Build.0 = Debug|Any CPU
		{1EA56B13-4A44-40C8-B037-0D983B194941}.Release|Any CPU.ActiveCfg = Release|Any CPU
		{1EA56B13-4A44-40C8-B037-0D983B194941}.Release|Any CPU.Build.0 = Release|Any CPU
		{FDEA2CD4-A84F-4998-9DC3-627674510EC4}.Debug|Any CPU.ActiveCfg = Debug|Any CPU
		{FDEA2CD4-A84F-4998-9DC3-627674510EC4}.Debug|Any CPU.Build.0 = Debug|Any CPU
		{FDEA2CD4-A84F-4998-9DC3-627674510EC4}.Release|Any CPU.ActiveCfg = Release|Any CPU
		{FDEA2CD4-A84F-4998-9DC3-627674510EC4}.Release|Any CPU.Build.0 = Release|Any CPU
	EndGlobalSection
	GlobalSection(NestedProjects) = preSolution
		{7BE64696-12D3-4AA2-8997-CAD600519E09} = {F7107DFF-FAC9-48B6-BF3A-ADC6637FE3B7}
		{28EE1E5B-4595-4F60-8E6F-263AA1BE1E2E} = {8876C251-CD9B-4F34-9C7F-81100B0B5BFB}
		{519D9121-88CA-4706-864D-90C416E91319} = {0781C1DD-E205-4A50-9064-3CCC4C66C954}
		{2F3B8488-5AC1-4F54-9B78-CF4392055C9B} = {0781C1DD-E205-4A50-9064-3CCC4C66C954}
		{BE158034-0E60-4425-8091-B728492EF52A} = {01D9FC4B-D760-471D-8EF5-A06F8F50DCC8}
		{F104A41D-D5E7-4434-9ECF-175ED72100AF} = {01D9FC4B-D760-471D-8EF5-A06F8F50DCC8}
		{30A92B35-D5DF-439E-9569-0D76EEEA4298} = {01D9FC4B-D760-471D-8EF5-A06F8F50DCC8}
		{7EA2DDC6-0CC5-40ED-9D49-6505743D4C2E} = {01D9FC4B-D760-471D-8EF5-A06F8F50DCC8}
		{1EA56B13-4A44-40C8-B037-0D983B194941} = {16CDA61E-F39A-4A33-8BA5-395C327ACDBC}
		{FDEA2CD4-A84F-4998-9DC3-627674510EC4} = {FA5D3ABE-39DF-4412-92BE-766B4B7605AB}
	EndGlobalSection
EndGlobal
